<?xml version="1.0" encoding="utf-8"?>
<Project ToolsVersion="4.0" xmlns="http://schemas.microsoft.com/developer/msbuild/2003">
  <ItemGroup>
    <Filter Include="Form Files">
      <UniqueIdentifier>{99349809-55BA-4b9d-BF79-8FDBB0286EB3}</UniqueIdentifier>
      <Extensions>ui</Extensions>
      <ParseFiles>false</ParseFiles>
    </Filter>
    <Filter Include="Form Files">
      <UniqueIdentifier>{99349809-55BA-4b9d-BF79-8FDBB0286EB3}</UniqueIdentifier>
      <Extensions>ui</Extensions>
      <ParseFiles>false</ParseFiles>
    </Filter>
    <Filter Include="Generated Files">
      <UniqueIdentifier>{71ED8ED8-ACB9-4CE9-BBE1-E00B30144E11}</UniqueIdentifier>
      <Extensions>cpp;c;cxx;moc;h;def;odl;idl;res;</Extensions>
    </Filter>
    <Filter Include="Generated Files">
      <UniqueIdentifier>{71ED8ED8-ACB9-4CE9-BBE1-E00B30144E11}</UniqueIdentifier>
      <Extensions>cpp;c;cxx;moc;h;def;odl;idl;res;</Extensions>
    </Filter>
    <Filter Include="Header Files">
      <UniqueIdentifier>{93995380-89BD-4b04-88EB-625FBE52EBFB}</UniqueIdentifier>
      <Extensions>h;hpp;hxx;hm;inl;inc;xsd</Extensions>
    </Filter>
    <Filter Include="Header Files">
      <UniqueIdentifier>{93995380-89BD-4b04-88EB-625FBE52EBFB}</UniqueIdentifier>
      <Extensions>h;hpp;hxx;hm;inl;inc;xsd</Extensions>
    </Filter>
    <Filter Include="Source Files">
      <UniqueIdentifier>{4FC737F1-C7A5-4376-A066-2A32D752A2FF}</UniqueIdentifier>
      <Extensions>cpp;c;cxx;def;odl;idl;hpj;bat;asm;asmx</Extensions>
    </Filter>
    <Filter Include="Source Files">
      <UniqueIdentifier>{4FC737F1-C7A5-4376-A066-2A32D752A2FF}</UniqueIdentifier>
      <Extensions>cpp;c;cxx;def;odl;idl;hpj;bat;asm;asmx</Extensions>
    </Filter>
    <Filter Include="CPP">
      <UniqueIdentifier>{E0D8C965-CC5F-43d7-AD63-FAEF0BBC0F85}-dumpcpp_impl</UniqueIdentifier>
      <ParseFiles>false</ParseFiles>
    </Filter>
    <Filter Include="CPP">
      <UniqueIdentifier>{E0D8C965-CC5F-43d7-AD63-FAEF0BBC0F85}-dumpcpp_impl</UniqueIdentifier>
      <ParseFiles>false</ParseFiles>
    </Filter>
    <Filter Include="Generated Files\Debug">
      <UniqueIdentifier>{02a113d9-921d-4161-9648-b51bbc53be41}</UniqueIdentifier>
      <Extensions>cpp;moc</Extensions>
      <SourceControlFiles>False</SourceControlFiles>
    </Filter>
    <Filter Include="Generated Files\Release">
      <UniqueIdentifier>{fcf6b446-d162-42c3-970d-2aeb7b3308b0}</UniqueIdentifier>
      <Extensions>cpp;moc</Extensions>
      <SourceControlFiles>False</SourceControlFiles>
    </Filter>
    <Filter Include="IECOM">
      <UniqueIdentifier>{ea4ed6d2-399d-483e-abcc-3a36cab3830b}</UniqueIdentifier>
    </Filter>
  </ItemGroup>
  <ItemGroup>
    <ClCompile Include="cookiejar.cpp">
      <Filter>Source Files</Filter>
    </ClCompile>
    <ClCompile Include="customtabledelegate.cpp">
      <Filter>Source Files</Filter>
    </ClCompile>
    <ClCompile Include="infomainwindow.cpp">
      <Filter>Source Files</Filter>
    </ClCompile>
    <ClCompile Include="kandata.cpp">
      <Filter>Source Files</Filter>
    </ClCompile>
    <ClCompile Include="kandatacalc.cpp">
      <Filter>Source Files</Filter>
    </ClCompile>
    <ClCompile Include="kandataconnector.cpp">
      <Filter>Source Files</Filter>
    </ClCompile>
    <ClCompile Include="kanreqdata.cpp">
      <Filter>Source Files</Filter>
    </ClCompile>
    <ClCompile Include="kansavedata.cpp">
      <Filter>Source Files</Filter>
    </ClCompile>
    <ClCompile Include="kqrowdata.cpp">
      <Filter>Source Files</Filter>
    </ClCompile>
    <ClCompile Include="kqtablewidget.cpp">
      <Filter>Source Files</Filter>
    </ClCompile>
    <ClCompile Include="kqtime.cpp">
      <Filter>Source Files</Filter>
    </ClCompile>
    <ClCompile Include="kqtitleframe.cpp">
      <Filter>Source Files</Filter>
    </ClCompile>
    <ClCompile Include="kqui_collapsibleframe.cpp">
      <Filter>Source Files</Filter>
    </ClCompile>
    <ClCompile Include="kqwebpage.cpp">
      <Filter>Source Files</Filter>
    </ClCompile>
    <ClCompile Include="main.cpp">
      <Filter>Source Files</Filter>
    </ClCompile>
    <ClCompile Include="mainwindow.cpp">
      <Filter>Source Files</Filter>
    </ClCompile>
    <ClCompile Include="mainwindowbase.cpp">
      <Filter>Source Files</Filter>
    </ClCompile>
    <ClCompile Include="qnetworkproxyfactoryset.cpp">
      <Filter>Source Files</Filter>
    </ClCompile>
    <ClCompile Include="submainwindow.cpp">
      <Filter>Source Files</Filter>
    </ClCompile>
    <ClCompile Include="timermainwindow.cpp">
      <Filter>Source Files</Filter>
    </ClCompile>
    <ClCompile Include="Debug\moc_cookiejar.cpp">
      <Filter>Generated Files\Debug</Filter>
    </ClCompile>
    <ClCompile Include="Release\moc_cookiejar.cpp">
      <Filter>Generated Files\Release</Filter>
    </ClCompile>
    <ClCompile Include="Debug\moc_infomainwindow.cpp">
      <Filter>Generated Files\Debug</Filter>
    </ClCompile>
    <ClCompile Include="Release\moc_infomainwindow.cpp">
      <Filter>Generated Files\Release</Filter>
    </ClCompile>
    <ClCompile Include="Debug\moc_kqtablewidget.cpp">
      <Filter>Generated Files\Debug</Filter>
    </ClCompile>
    <ClCompile Include="Release\moc_kqtablewidget.cpp">
      <Filter>Generated Files\Release</Filter>
    </ClCompile>
    <ClCompile Include="Debug\moc_kqtitleframe.cpp">
      <Filter>Generated Files\Debug</Filter>
    </ClCompile>
    <ClCompile Include="Release\moc_kqtitleframe.cpp">
      <Filter>Generated Files\Release</Filter>
    </ClCompile>
    <ClCompile Include="Debug\moc_kqui_collapsibleframe.cpp">
      <Filter>Generated Files\Debug</Filter>
    </ClCompile>
    <ClCompile Include="Release\moc_kqui_collapsibleframe.cpp">
      <Filter>Generated Files\Release</Filter>
    </ClCompile>
    <ClCompile Include="Debug\moc_kqwebpage.cpp">
      <Filter>Generated Files\Debug</Filter>
    </ClCompile>
    <ClCompile Include="Release\moc_kqwebpage.cpp">
      <Filter>Generated Files\Release</Filter>
    </ClCompile>
    <ClCompile Include="Debug\moc_mainwindow.cpp">
      <Filter>Generated Files\Debug</Filter>
    </ClCompile>
    <ClCompile Include="Release\moc_mainwindow.cpp">
      <Filter>Generated Files\Release</Filter>
    </ClCompile>
    <ClCompile Include="Debug\moc_mainwindowbase.cpp">
      <Filter>Generated Files\Debug</Filter>
    </ClCompile>
    <ClCompile Include="Release\moc_mainwindowbase.cpp">
      <Filter>Generated Files\Release</Filter>
    </ClCompile>
    <ClCompile Include="Debug\moc_submainwindow.cpp">
      <Filter>Generated Files\Debug</Filter>
    </ClCompile>
    <ClCompile Include="Release\moc_submainwindow.cpp">
      <Filter>Generated Files\Release</Filter>
    </ClCompile>
    <ClCompile Include="Debug\moc_timermainwindow.cpp">
      <Filter>Generated Files\Debug</Filter>
    </ClCompile>
    <ClCompile Include="Release\moc_timermainwindow.cpp">
      <Filter>Generated Files\Release</Filter>
    </ClCompile>
    <ClCompile Include="klog.cpp">
      <Filter>Source Files</Filter>
    </ClCompile>
    <ClCompile Include="Debug\moc_kqnetworkaccessmanager.cpp">
      <Filter>Generated Files\Debug</Filter>
    </ClCompile>
    <ClCompile Include="Release\moc_kqnetworkaccessmanager.cpp">
      <Filter>Generated Files\Release</Filter>
    </ClCompile>
    <ClCompile Include="kqnetworkaccessmanager.cpp">
      <Filter>Source Files</Filter>
    </ClCompile>
    <ClCompile Include="weaponmainwindow.cpp">
      <Filter>Source Files</Filter>
    </ClCompile>
    <ClCompile Include="Debug\moc_weaponmainwindow.cpp">
      <Filter>Generated Files\Debug</Filter>
    </ClCompile>
    <ClCompile Include="Release\moc_weaponmainwindow.cpp">
      <Filter>Generated Files\Release</Filter>
    </ClCompile>
    <ClCompile Include="FiddlerCOM.cpp">
      <Filter>Source Files</Filter>
    </ClCompile>
    <ClCompile Include="shdocvw.cpp">
      <Filter>IECOM</Filter>
    </ClCompile>
  </ItemGroup>
  <ItemGroup>
    <CustomBuild Include="cookiejar.h">
      <Filter>Header Files</Filter>
    </CustomBuild>
    <ClInclude Include="customtabledelegate.h">
      <Filter>Header Files</Filter>
    </ClInclude>
    <CustomBuild Include="infomainwindow.h">
      <Filter>Header Files</Filter>
    </CustomBuild>
    <ClInclude Include="kandata.h">
      <Filter>Header Files</Filter>
    </ClInclude>
    <ClInclude Include="kandatacalc.h">
      <Filter>Header Files</Filter>
    </ClInclude>
    <ClInclude Include="kandataconnector.h">
      <Filter>Header Files</Filter>
    </ClInclude>
    <ClInclude Include="kanreqdata.h">
      <Filter>Header Files</Filter>
    </ClInclude>
    <ClInclude Include="kansavedata.h">
      <Filter>Header Files</Filter>
    </ClInclude>
    <ClInclude Include="kqrowdata.h">
      <Filter>Header Files</Filter>
    </ClInclude>
    <CustomBuild Include="kqtablewidget.h">
      <Filter>Header Files</Filter>
    </CustomBuild>
    <ClInclude Include="kqtime.h">
      <Filter>Header Files</Filter>
    </ClInclude>
    <CustomBuild Include="kqtitleframe.h">
      <Filter>Header Files</Filter>
    </CustomBuild>
    <CustomBuild Include="kqui_collapsibleframe.h">
      <Filter>Header Files</Filter>
    </CustomBuild>
    <CustomBuild Include="kqwebpage.h">
      <Filter>Header Files</Filter>
    </CustomBuild>
    <CustomBuild Include="mainwindow.h">
      <Filter>Header Files</Filter>
    </CustomBuild>
    <CustomBuild Include="mainwindowbase.h">
      <Filter>Header Files</Filter>
    </CustomBuild>
    <ClInclude Include="qnetworkproxyfactoryset.h">
      <Filter>Header Files</Filter>
    </ClInclude>
    <CustomBuild Include="submainwindow.h">
      <Filter>Header Files</Filter>
    </CustomBuild>
    <CustomBuild Include="timermainwindow.h">
      <Filter>Header Files</Filter>
    </CustomBuild>
    <ClInclude Include="GeneratedFiles\ui_infomainwindow.h">
      <Filter>Generated Files</Filter>
    </ClInclude>
    <ClInclude Include="GeneratedFiles\ui_kqui_collapsibleframe.h">
      <Filter>Generated Files</Filter>
    </ClInclude>
    <ClInclude Include="GeneratedFiles\ui_mainwindow.h">
      <Filter>Generated Files</Filter>
    </ClInclude>
    <ClInclude Include="GeneratedFiles\ui_timermainwindow.h">
      <Filter>Generated Files</Filter>
    </ClInclude>
    <ClInclude Include="klog.h">
      <Filter>Header Files</Filter>
    </ClInclude>
    <ClInclude Include="GeneratedFiles\ui_weaponmainwindow.h">
      <Filter>Generated Files</Filter>
    </ClInclude>
  </ItemGroup>
  <ItemGroup>
    <CustomBuild Include="infomainwindow.ui">
      <Filter>Form Files</Filter>
    </CustomBuild>
    <CustomBuild Include="kqui_collapsibleframe.ui">
      <Filter>Form Files</Filter>
    </CustomBuild>
    <CustomBuild Include="mainwindow.ui">
      <Filter>Form Files</Filter>
    </CustomBuild>
    <CustomBuild Include="timermainwindow.ui">
      <Filter>Form Files</Filter>
    </CustomBuild>
    <CustomBuild Include="kqnetworkaccessmanager.h">
      <Filter>Header Files</Filter>
    </CustomBuild>
    <CustomBuild Include="weaponmainwindow.h">
      <Filter>Header Files</Filter>
    </CustomBuild>
    <CustomBuild Include="weaponmainwindow.ui">
      <Filter>Form Files</Filter>
    </CustomBuild>
  </ItemGroup>
  <ItemGroup>
    <None Include="FiddlerCOM\FiddlerCOM\bin\Release\FiddlerCOM.tlb">
      <Filter>CPP</Filter>
    </None>
  </ItemGroup>
  <ItemGroup>
    <ClInclude Include="FiddlerCOM.h">
      <Filter>Header Files</Filter>
    </ClInclude>
    <ClInclude Include="shdocvw.h">
      <Filter>IECOM</Filter>
    </ClInclude>
  </ItemGroup>
</Project>